
Microsoft Visual Studio Solution File, Format Version 12.00
# Visual Studio Version 17
VisualStudioVersion = 17.8.34309.116
MinimumVisualStudioVersion = 10.0.40219.1
Project("{FAE04EC0-301F-11D3-BF4B-00C04F79EFBC}") = "CLASSES", "CLASSES\CLASSES.csproj", "{5F8C0629-EDE0-4A76-8DA0-C04A43F9D02A}"
EndProject
Global
	GlobalSection(SolutionConfigurationPlatforms) = preSolution
		Debug|Any CPU = Debug|Any CPU
		Release|Any CPU = Release|Any CPU
	EndGlobalSection
	GlobalSection(ProjectConfigurationPlatforms) = postSolution
		{5F8C0629-EDE0-4A76-8DA0-C04A43F9D02A}.Debug|Any CPU.ActiveCfg = Debug|Any CPU
		{5F8C0629-EDE0-4A76-8DA0-C04A43F9D02A}.Debug|Any CPU.Build.0 = Debug|Any CPU
		{5F8C0629-EDE0-4A76-8DA0-C04A43F9D02A}.Release|Any CPU.ActiveCfg = Release|Any CPU
		{5F8C0629-EDE0-4A76-8DA0-C04A43F9D02A}.Release|Any CPU.Build.0 = Release|Any CPU
	EndGlobalSection
	GlobalSection(SolutionProperties) = preSolution
		HideSolutionNode = FALSE
	EndGlobalSection
	GlobalSection(ExtensibilityGlobals) = postSolution
		SolutionGuid = {FDD6D47A-51CC-4AD2-AD03-774CD01190E5}
	EndGlobalSection
EndGlobal
